
Microsoft Visual Studio Solution File, Format Version 12.00
# Visual Studio 15
VisualStudioVersion = 15.0.28010.2041
MinimumVisualStudioVersion = 10.0.40219.1
Project("{FAE04EC0-301F-11D3-BF4B-00C04F79EFBC}") = "Tao_Mang", "On_Thi\Tao_Mang.csproj", "{317C5098-E083-424A-AE64-AED97741C7B4}"
EndProject
Project("{FAE04EC0-301F-11D3-BF4B-00C04F79EFBC}") = "SQL", "SQL\SQL.csproj", "{03343A50-F452-42E9-B04C-82727BAB8738}"
EndProject
Global
	GlobalSection(SolutionConfigurationPlatforms) = preSolution
		Debug|Any CPU = Debug|Any CPU
		Release|Any CPU = Release|Any CPU
	EndGlobalSection
	GlobalSection(ProjectConfigurationPlatforms) = postSolution
		{317C5098-E083-424A-AE64-AED97741C7B4}.Debug|Any CPU.ActiveCfg = Debug|Any CPU
		{317C5098-E083-424A-AE64-AED97741C7B4}.Debug|Any CPU.Build.0 = Debug|Any CPU
		{317C5098-E083-424A-AE64-AED97741C7B4}.Release|Any CPU.ActiveCfg = Release|Any CPU
		{317C5098-E083-424A-AE64-AED97741C7B4}.Release|Any CPU.Build.0 = Release|Any CPU
		{03343A50-F452-42E9-B04C-82727BAB8738}.Debug|Any CPU.ActiveCfg = Debug|Any CPU
		{03343A50-F452-42E9-B04C-82727BAB8738}.Debug|Any CPU.Build.0 = Debug|Any CPU
		{03343A50-F452-42E9-B04C-82727BAB8738}.Release|Any CPU.ActiveCfg = Release|Any CPU
		{03343A50-F452-42E9-B04C-82727BAB8738}.Release|Any CPU.Build.0 = Release|Any CPU
	EndGlobalSection
	GlobalSection(SolutionProperties) = preSolution
		HideSolutionNode = FALSE
	EndGlobalSection
	GlobalSection(ExtensibilityGlobals) = postSolution
		SolutionGuid = {F5F1EFC7-AA95-405F-98C9-943A98AF4714}
	EndGlobalSection
EndGlobal
